
Microsoft Visual Studio Solution File, Format Version 12.00
# Visual Studio Version 17
VisualStudioVersion = 17.14.37531.7 d17.14
MinimumVisualStudioVersion = 10.0.40219.1
Project("{FAE04EC0-301F-11D3-BF4B-00C04F79EFBC}") = "Tic-Tac-Toe-Game", "Tic-Tac-Toe-Game.csproj", "{AFD77C35-4F13-4936-BBBC-1075982F2BCF}"
EndProject
Global
	GlobalSection(SolutionConfigurationPlatforms) = preSolution
		Debug|Any CPU = Debug|Any CPU
		Release|Any CPU = Release|Any CPU
	EndGlobalSection
	GlobalSection(ProjectConfigurationPlatforms) = postSolution
		{AFD77C35-4F13-4936-BBBC-1075982F2BCF}.Debug|Any CPU.ActiveCfg = Debug|Any CPU
		{AFD77C35-4F13-4936-BBBC-1075982F2BCF}.Debug|Any CPU.Build.0 = Debug|Any CPU
		{AFD77C35-4F13-4936-BBBC-1075982F2BCF}.Release|Any CPU.ActiveCfg = Release|Any CPU
		{AFD77C35-4F13-4936-BBBC-1075982F2BCF}.Release|Any CPU.Build.0 = Release|Any CPU
	EndGlobalSection
	GlobalSection(SolutionProperties) = preSolution
		HideSolutionNode = FALSE
	EndGlobalSection
	GlobalSection(ExtensibilityGlobals) = postSolution
		SolutionGuid = {FC4C0FD0-2523-4CFA-96E5-87DFF1BB5FA7}
	EndGlobalSection
EndGlobal
